
Microsoft Visual Studio Solution File, Format Version 12.00
# Visual Studio Version 17
VisualStudioVersion = 17.13.35818.85
MinimumVisualStudioVersion = 10.0.40219.1
Project("{FAE04EC0-301F-11D3-BF4B-00C04F79EFBC}") = "TKP.Server.WebApi", "src\TKP.Server.WebApi\TKP.Server.WebApi.csproj", "{9ADFD6E4-EC59-4227-803A-31578E25F779}"
EndProject
Project("{2150E333-8FDC-42A3-9474-1A3956D46DE8}") = "src", "src", "{02EA681E-C7D8-13C7-8484-4AC65E1B71E8}"
EndProject
Project("{FAE04EC0-301F-11D3-BF4B-00C04F79EFBC}") = "TKP.Server.Core", "src\TKP.Server.Core\TKP.Server.Core.csproj", "{F61EEF60-4319-48EB-93CD-E4F2B01B4E08}"
EndProject
Project("{FAE04EC0-301F-11D3-BF4B-00C04F79EFBC}") = "TKP.Server.Domain", "src\TKP.Server.Domain\TKP.Server.Domain.csproj", "{7C5F018B-9DFB-4029-8174-EB8CE16BB434}"
EndProject
Project("{FAE04EC0-301F-11D3-BF4B-00C04F79EFBC}") = "TKP.Server.Infrastructure", "src\TKP.Server.Infrastructure\TKP.Server.Infrastructure.csproj", "{11E08A11-7140-F91B-71A9-7320A6168430}"
EndProject
Project("{2150E333-8FDC-42A3-9474-1A3956D46DE8}") = "docker", "docker", "{975EC618-4A4C-4C46-98D6-E603F12531AA}"
EndProject
Project("{E53339B2-1760-4266-BCC7-CA923CBCF16C}") = "docker-compose", "docker\DockerCompose\docker-compose.dcproj", "{81DDED9D-158B-E303-5F62-77A2896D2A5A}"
EndProject
Project("{FAE04EC0-301F-11D3-BF4B-00C04F79EFBC}") = "TKP.Server.Application", "src\TKP.Server.Application\TKP.Server.Application.csproj", "{D2DC67A3-D80C-396E-675D-14814F06032D}"
EndProject
Project("{2150E333-8FDC-42A3-9474-1A3956D46DE8}") = "Solution Items", "Solution Items", "{C0EC2361-6FC9-4452-87D7-1F4DAEEAF228}"
	ProjectSection(SolutionItems) = preProject
		.editorconfig = .editorconfig
	EndProjectSection
EndProject
Project("{2150E333-8FDC-42A3-9474-1A3956D46DE8}") = "test", "test", "{8365F36F-2E32-430D-8AD8-036FFEAE96D1}"
EndProject
Project("{FAE04EC0-301F-11D3-BF4B-00C04F79EFBC}") = "TKP.Server.Application.Test", "test\TKP.Server.Application.Test\TKP.Server.Application.Test.csproj", "{C26BED07-0AE4-B868-53B2-4A7B5B45C690}"
EndProject
Project("{FAE04EC0-301F-11D3-BF4B-00C04F79EFBC}") = "TKP.Server.Infrastructure.Test", "test\TKP.Server.Infrastructure.Test\TKP.Server.Infrastructure.Test.csproj", "{9564A26C-BDD0-75FA-864D-E02A882242EB}"
EndProject
Global
	GlobalSection(SolutionConfigurationPlatforms) = preSolution
		Debug|Any CPU = Debug|Any CPU
		Release|Any CPU = Release|Any CPU
	EndGlobalSection
	GlobalSection(ProjectConfigurationPlatforms) = postSolution
		{9ADFD6E4-EC59-4227-803A-31578E25F779}.Debug|Any CPU.ActiveCfg = Debug|Any CPU
		{9ADFD6E4-EC59-4227-803A-31578E25F779}.Debug|Any CPU.Build.0 = Debug|Any CPU
		{9ADFD6E4-EC59-4227-803A-31578E25F779}.Release|Any CPU.ActiveCfg = Release|Any CPU
		{9ADFD6E4-EC59-4227-803A-31578E25F779}.Release|Any CPU.Build.0 = Release|Any CPU
		{F61EEF60-4319-48EB-93CD-E4F2B01B4E08}.Debug|Any CPU.ActiveCfg = Debug|Any CPU
		{F61EEF60-4319-48EB-93CD-E4F2B01B4E08}.Debug|Any CPU.Build.0 = Debug|Any CPU
		{F61EEF60-4319-48EB-93CD-E4F2B01B4E08}.Release|Any CPU.ActiveCfg = Release|Any CPU
		{F61EEF60-4319-48EB-93CD-E4F2B01B4E08}.Release|Any CPU.Build.0 = Release|Any CPU
		{7C5F018B-9DFB-4029-8174-EB8CE16BB434}.Debug|Any CPU.ActiveCfg = Debug|Any CPU
		{7C5F018B-9DFB-4029-8174-EB8CE16BB434}.Debug|Any CPU.Build.0 = Debug|Any CPU
		{7C5F018B-9DFB-4029-8174-EB8CE16BB434}.Release|Any CPU.ActiveCfg = Release|Any CPU
		{7C5F018B-9DFB-4029-8174-EB8CE16BB434}.Release|Any CPU.Build.0 = Release|Any CPU
		{11E08A11-7140-F91B-71A9-7320A6168430}.Debug|Any CPU.ActiveCfg = Debug|Any CPU
		{11E08A11-7140-F91B-71A9-7320A6168430}.Debug|Any CPU.Build.0 = Debug|Any CPU
		{11E08A11-7140-F91B-71A9-7320A6168430}.Release|Any CPU.ActiveCfg = Release|Any CPU
		{11E08A11-7140-F91B-71A9-7320A6168430}.Release|Any CPU.Build.0 = Release|Any CPU
		{81DDED9D-158B-E303-5F62-77A2896D2A5A}.Debug|Any CPU.ActiveCfg = Debug|Any CPU
		{81DDED9D-158B-E303-5F62-77A2896D2A5A}.Debug|Any CPU.Build.0 = Debug|Any CPU
		{81DDED9D-158B-E303-5F62-77A2896D2A5A}.Release|Any CPU.ActiveCfg = Release|Any CPU
		{81DDED9D-158B-E303-5F62-77A2896D2A5A}.Release|Any CPU.Build.0 = Release|Any CPU
		{D2DC67A3-D80C-396E-675D-14814F06032D}.Debug|Any CPU.ActiveCfg = Debug|Any CPU
		{D2DC67A3-D80C-396E-675D-14814F06032D}.Debug|Any CPU.Build.0 = Debug|Any CPU
		{D2DC67A3-D80C-396E-675D-14814F06032D}.Release|Any CPU.ActiveCfg = Release|Any CPU
		{D2DC67A3-D80C-396E-675D-14814F06032D}.Release|Any CPU.Build.0 = Release|Any CPU
		{C26BED07-0AE4-B868-53B2-4A7B5B45C690}.Debug|Any CPU.ActiveCfg = Debug|Any CPU
		{C26BED07-0AE4-B868-53B2-4A7B5B45C690}.Debug|Any CPU.Build.0 = Debug|Any CPU
		{C26BED07-0AE4-B868-53B2-4A7B5B45C690}.Release|Any CPU.ActiveCfg = Release|Any CPU
		{C26BED07-0AE4-B868-53B2-4A7B5B45C690}.Release|Any CPU.Build.0 = Release|Any CPU
		{9564A26C-BDD0-75FA-864D-E02A882242EB}.Debug|Any CPU.ActiveCfg = Debug|Any CPU
		{9564A26C-BDD0-75FA-864D-E02A882242EB}.Debug|Any CPU.Build.0 = Debug|Any CPU
		{9564A26C-BDD0-75FA-864D-E02A882242EB}.Release|Any CPU.ActiveCfg = Release|Any CPU
		{9564A26C-BDD0-75FA-864D-E02A882242EB}.Release|Any CPU.Build.0 = Release|Any CPU
	EndGlobalSection
	GlobalSection(SolutionProperties) = preSolution
		HideSolutionNode = FALSE
	EndGlobalSection
	GlobalSection(NestedProjects) = preSolution
		{9ADFD6E4-EC59-4227-803A-31578E25F779} = {02EA681E-C7D8-13C7-8484-4AC65E1B71E8}
		{F61EEF60-4319-48EB-93CD-E4F2B01B4E08} = {02EA681E-C7D8-13C7-8484-4AC65E1B71E8}
		{7C5F018B-9DFB-4029-8174-EB8CE16BB434} = {02EA681E-C7D8-13C7-8484-4AC65E1B71E8}
		{11E08A11-7140-F91B-71A9-7320A6168430} = {02EA681E-C7D8-13C7-8484-4AC65E1B71E8}
		{81DDED9D-158B-E303-5F62-77A2896D2A5A} = {975EC618-4A4C-4C46-98D6-E603F12531AA}
		{D2DC67A3-D80C-396E-675D-14814F06032D} = {02EA681E-C7D8-13C7-8484-4AC65E1B71E8}
		{C26BED07-0AE4-B868-53B2-4A7B5B45C690} = {8365F36F-2E32-430D-8AD8-036FFEAE96D1}
		{9564A26C-BDD0-75FA-864D-E02A882242EB} = {8365F36F-2E32-430D-8AD8-036FFEAE96D1}
	EndGlobalSection
	GlobalSection(ExtensibilityGlobals) = postSolution
		SolutionGuid = {E26D30FD-DC1B-41B6-AE35-F29CAD8C6608}
	EndGlobalSection
EndGlobal
